{
  "name": "scoop-nsis",
  "version": "1.0.0",
  "lockfileVersion": 2,
  "requires": true,
  "packages": {
    "": {
      "version": "1.0.0",
      "license": "ISC",
      "devDependencies": {
        "@lzwme/fe-utils": "*",
        "json5": "^2.2.2"
      }
    },
    "node_modules/@lzwme/fe-utils": {
      "version": "1.5.2",
      "resolved": "https://registry.npmjs.org/@lzwme/fe-utils/-/fe-utils-1.5.2.tgz",
      "integrity": "sha512-fjPrAmTBVTmY5Tt9S/74zxxzxjS23dCKt9YE6vx0913i37TTJfi5leoQ8ufJMCIUytrwcsYSUCBnJ/OLpz34zg==",
      "dev": true,
      "dependencies": {
        "console-log-colors": "^0.4.0",
        "tslib": "^2.6.0"
      },
      "engines": {
        "node": ">=14.18.0"
      },
      "peerDependencies": {
        "compressing": "^1.7.0",
        "windows-process-tree": "^0.4.0"
      },
      "peerDependenciesMeta": {
        "compressing": {
          "optional": true
        },
        "windows-process-tree": {
          "optional": true
        }
      }
    },
    "node_modules/@lzwme/fe-utils/node_modules/tslib": {
      "version": "2.6.0",
      "resolved": "https://registry.npmjs.org/tslib/-/tslib-2.6.0.tgz",
      "integrity": "sha512-7At1WUettjcSRHXCyYtTselblcHl9PJFFVKiCAy/bY97+BPZXSQ2wbq0P9s8tK2G7dFQfNnlJnPAiArVBVBsfA==",
      "dev": true
    },
    "node_modules/console-log-colors": {
      "version": "0.4.0",
      "resolved": "https://registry.npmjs.org/console-log-colors/-/console-log-colors-0.4.0.tgz",
      "integrity": "sha512-XX0qO0MUzbREpPrutavmOLML8h8IokzKTzJqMwvykBcL9D7bMbj5P17+driOjy4RaA99aIAkMDo8holIxYbbpQ==",
      "dev": true,
      "engines": {
        "node": ">= 4.1.0"
      }
    },
    "node_modules/json5": {
      "version": "2.2.2",
      "resolved": "https://registry.npmjs.org/json5/-/json5-2.2.2.tgz",
      "integrity": "sha512-46Tk9JiOL2z7ytNQWFLpj99RZkVgeHf87yGQKsIkaPz1qSH9UczKH1rO7K3wgRselo0tYMUNfecYpm/p1vC7tQ==",
      "dev": true,
      "bin": {
        "json5": "lib/cli.js"
      },
      "engines": {
        "node": ">=6"
      }
    }
  },
  "dependencies": {
    "@lzwme/fe-utils": {
      "version": "1.5.2",
      "resolved": "https://registry.npmjs.org/@lzwme/fe-utils/-/fe-utils-1.5.2.tgz",
      "integrity": "sha512-fjPrAmTBVTmY5Tt9S/74zxxzxjS23dCKt9YE6vx0913i37TTJfi5leoQ8ufJMCIUytrwcsYSUCBnJ/OLpz34zg==",
      "dev": true,
      "requires": {
        "console-log-colors": "^0.4.0",
        "tslib": "^2.6.0"
      },
      "dependencies": {
        "tslib": {
          "version": "2.6.0",
          "resolved": "https://registry.npmjs.org/tslib/-/tslib-2.6.0.tgz",
          "integrity": "sha512-7At1WUettjcSRHXCyYtTselblcHl9PJFFVKiCAy/bY97+BPZXSQ2wbq0P9s8tK2G7dFQfNnlJnPAiArVBVBsfA==",
          "dev": true
        }
      }
    },
    "console-log-colors": {
      "version": "0.4.0",
      "resolved": "https://registry.npmjs.org/console-log-colors/-/console-log-colors-0.4.0.tgz",
      "integrity": "sha512-XX0qO0MUzbREpPrutavmOLML8h8IokzKTzJqMwvykBcL9D7bMbj5P17+driOjy4RaA99aIAkMDo8holIxYbbpQ==",
      "dev": true
    },
    "json5": {
      "version": "2.2.2",
      "resolved": "https://registry.npmjs.org/json5/-/json5-2.2.2.tgz",
      "integrity": "sha512-46Tk9JiOL2z7ytNQWFLpj99RZkVgeHf87yGQKsIkaPz1qSH9UczKH1rO7K3wgRselo0tYMUNfecYpm/p1vC7tQ==",
      "dev": true
    }
  }
}
